// !$*UTF8*$!
{
	archiveVersion = 1;
	classes = {
	};
	objectVersion = 48;
	objects = {

/* Begin PBXBuildFile section */
		A3FCE6421FC31F25002B0305 /* AppDelegate.swift in Sources */ = {isa = PBXBuildFile; fileRef = A3FCE6411FC31F25002B0305 /* AppDelegate.swift */; };
		A3FCE6471FC31F25002B0305 /* Main.storyboard in Resources */ = {isa = PBXBuildFile; fileRef = A3FCE6451FC31F25002B0305 /* Main.storyboard */; };
		A3FCE6491FC31F25002B0305 /* Assets.xcassets in Resources */ = {isa = PBXBuildFile; fileRef = A3FCE6481FC31F25002B0305 /* Assets.xcassets */; };
		A3FCE64C1FC31F25002B0305 /* LaunchScreen.storyboard in Resources */ = {isa = PBXBuildFile; fileRef = A3FCE64A1FC31F25002B0305 /* LaunchScreen.storyboard */; };
		A3FCE65A1FC31FCD002B0305 /* PokemonListViewController.swift in Sources */ = {isa = PBXBuildFile; fileRef = A3FCE6551FC31FCC002B0305 /* PokemonListViewController.swift */; };
		A3FCE65B1FC31FCD002B0305 /* pokemon_list.json in Resources */ = {isa = PBXBuildFile; fileRef = A3FCE6591FC31FCD002B0305 /* pokemon_list.json */; };
		A3FCE65D1FC32502002B0305 /* Pokemon.swift in Sources */ = {isa = PBXBuildFile; fileRef = A3FCE65C1FC32502002B0305 /* Pokemon.swift */; };
		A3FCE6601FC32561002B0305 /* UIColor+Extension.swift in Sources */ = {isa = PBXBuildFile; fileRef = A3FCE65F1FC32561002B0305 /* UIColor+Extension.swift */; };
		A3FCE6621FC3260A002B0305 /* PokemonLoader.swift in Sources */ = {isa = PBXBuildFile; fileRef = A3FCE6611FC3260A002B0305 /* PokemonLoader.swift */; };
/* End PBXBuildFile section */

/* Begin PBXFileReference section */
		A3FCE63E1FC31F25002B0305 /* Pokedex.app */ = {isa = PBXFileReference; explicitFileType = wrapper.application; includeInIndex = 0; path = Pokedex.app; sourceTree = BUILT_PRODUCTS_DIR; };
		A3FCE6411FC31F25002B0305 /* AppDelegate.swift */ = {isa = PBXFileReference; lastKnownFileType = sourcecode.swift; path = AppDelegate.swift; sourceTree = "<group>"; };
		A3FCE6461FC31F25002B0305 /* Base */ = {isa = PBXFileReference; lastKnownFileType = file.storyboard; name = Base; path = Base.lproj/Main.storyboard; sourceTree = "<group>"; };
		A3FCE6481FC31F25002B0305 /* Assets.xcassets */ = {isa = PBXFileReference; lastKnownFileType = folder.assetcatalog; path = Assets.xcassets; sourceTree = "<group>"; };
		A3FCE64B1FC31F25002B0305 /* Base */ = {isa = PBXFileReference; lastKnownFileType = file.storyboard; name = Base; path = Base.lproj/LaunchScreen.storyboard; sourceTree = "<group>"; };
		A3FCE64D1FC31F25002B0305 /* Info.plist */ = {isa = PBXFileReference; lastKnownFileType = text.plist.xml; path = Info.plist; sourceTree = "<group>"; };
		A3FCE6551FC31FCC002B0305 /* PokemonListViewController.swift */ = {isa = PBXFileReference; fileEncoding = 4; lastKnownFileType = sourcecode.swift; path = PokemonListViewController.swift; sourceTree = "<group>"; };
		A3FCE6591FC31FCD002B0305 /* pokemon_list.json */ = {isa = PBXFileReference; fileEncoding = 4; lastKnownFileType = text.json; path = pokemon_list.json; sourceTree = "<group>"; };
		A3FCE65C1FC32502002B0305 /* Pokemon.swift */ = {isa = PBXFileReference; lastKnownFileType = sourcecode.swift; path = Pokemon.swift; sourceTree = "<group>"; };
		A3FCE65F1FC32561002B0305 /* UIColor+Extension.swift */ = {isa = PBXFileReference; lastKnownFileType = sourcecode.swift; path = "UIColor+Extension.swift"; sourceTree = "<group>"; };
		A3FCE6611FC3260A002B0305 /* PokemonLoader.swift */ = {isa = PBXFileReference; lastKnownFileType = sourcecode.swift; path = PokemonLoader.swift; sourceTree = "<group>"; };
/* End PBXFileReference section */

/* Begin PBXFrameworksBuildPhase section */
		A3FCE63B1FC31F25002B0305 /* Frameworks */ = {
			isa = PBXFrameworksBuildPhase;
			buildActionMask = 2147483647;
			files = (
			);
			runOnlyForDeploymentPostprocessing = 0;
		};
/* End PBXFrameworksBuildPhase section */

/* Begin PBXGroup section */
		A3FCE6351FC31F25002B0305 = {
			isa = PBXGroup;
			children = (
				A3FCE6401FC31F25002B0305 /* Pokedex */,
				A3FCE63F1FC31F25002B0305 /* Products */,
			);
			sourceTree = "<group>";
		};
		A3FCE63F1FC31F25002B0305 /* Products */ = {
			isa = PBXGroup;
			children = (
				A3FCE63E1FC31F25002B0305 /* Pokedex.app */,
			);
			name = Products;
			sourceTree = "<group>";
		};
		A3FCE6401FC31F25002B0305 /* Pokedex */ = {
			isa = PBXGroup;
			children = (
				A3FCE6541FC31FCC002B0305 /* Controller */,
				A3FCE6531FC31FCC002B0305 /* Model */,
				A3FCE6571FC31FCD002B0305 /* Resources */,
				A3FCE6561FC31FCC002B0305 /* View */,
				A3FCE65E1FC32555002B0305 /* Misc */,
				A3FCE6411FC31F25002B0305 /* AppDelegate.swift */,
				A3FCE6451FC31F25002B0305 /* Main.storyboard */,
				A3FCE6481FC31F25002B0305 /* Assets.xcassets */,
				A3FCE64A1FC31F25002B0305 /* LaunchScreen.storyboard */,
				A3FCE64D1FC31F25002B0305 /* Info.plist */,
			);
			path = Pokedex;
			sourceTree = "<group>";
		};
		A3FCE6531FC31FCC002B0305 /* Model */ = {
			isa = PBXGroup;
			children = (
				A3FCE65C1FC32502002B0305 /* Pokemon.swift */,
				A3FCE6611FC3260A002B0305 /* PokemonLoader.swift */,
			);
			path = Model;
			sourceTree = "<group>";
		};
		A3FCE6541FC31FCC002B0305 /* Controller */ = {
			isa = PBXGroup;
			children = (
				A3FCE6551FC31FCC002B0305 /* PokemonListViewController.swift */,
			);
			path = Controller;
			sourceTree = "<group>";
		};
		A3FCE6561FC31FCC002B0305 /* View */ = {
			isa = PBXGroup;
			children = (
			);
			path = View;
			sourceTree = "<group>";
		};
		A3FCE6571FC31FCD002B0305 /* Resources */ = {
			isa = PBXGroup;
			children = (
				A3FCE6581FC31FCD002B0305 /* Data */,
			);
			path = Resources;
			sourceTree = "<group>";
		};
		A3FCE6581FC31FCD002B0305 /* Data */ = {
			isa = PBXGroup;
			children = (
				A3FCE6591FC31FCD002B0305 /* pokemon_list.json */,
			);
			path = Data;
			sourceTree = "<group>";
		};
		A3FCE65E1FC32555002B0305 /* Misc */ = {
			isa = PBXGroup;
			children = (
				A3FCE65F1FC32561002B0305 /* UIColor+Extension.swift */,
			);
			path = Misc;
			sourceTree = "<group>";
		};
/* End PBXGroup section */

/* Begin PBXNativeTarget section */
		A3FCE63D1FC31F25002B0305 /* Pokedex */ = {
			isa = PBXNativeTarget;
			buildConfigurationList = A3FCE6501FC31F25002B0305 /* Build configuration list for PBXNativeTarget "Pokedex" */;
			buildPhases = (
				A3FCE63A1FC31F25002B0305 /* Sources */,
				A3FCE63B1FC31F25002B0305 /* Frameworks */,
				A3FCE63C1FC31F25002B0305 /* Resources */,
			);
			buildRules = (
			);
			dependencies = (
			);
			name = Pokedex;
			productName = Pokedex;
			productReference = A3FCE63E1FC31F25002B0305 /* Pokedex.app */;
			productType = "com.apple.product-type.application";
		};
/* End PBXNativeTarget section */

/* Begin PBXProject section */
		A3FCE6361FC31F25002B0305 /* Project object */ = {
			isa = PBXProject;
			attributes = {
				LastSwiftUpdateCheck = 0910;
				LastUpgradeCheck = 0910;
				ORGANIZATIONNAME = DaftMobile;
				TargetAttributes = {
					A3FCE63D1FC31F25002B0305 = {
						CreatedOnToolsVersion = 9.1;
						ProvisioningStyle = Automatic;
					};
				};
			};
			buildConfigurationList = A3FCE6391FC31F25002B0305 /* Build configuration list for PBXProject "Pokedex" */;
			compatibilityVersion = "Xcode 8.0";
			developmentRegion = en;
			hasScannedForEncodings = 0;
			knownRegions = (
				en,
				Base,
			);
			mainGroup = A3FCE6351FC31F25002B0305;
			productRefGroup = A3FCE63F1FC31F25002B0305 /* Products */;
			projectDirPath = "";
			projectRoot = "";
			targets = (
				A3FCE63D1FC31F25002B0305 /* Pokedex */,
			);
		};
/* End PBXProject section */

/* Begin PBXResourcesBuildPhase section */
		A3FCE63C1FC31F25002B0305 /* Resources */ = {
			isa = PBXResourcesBuildPhase;
			buildActionMask = 2147483647;
			files = (
				A3FCE64C1FC31F25002B0305 /* LaunchScreen.storyboard in Resources */,
				A3FCE65B1FC31FCD002B0305 /* pokemon_list.json in Resources */,
				A3FCE6491FC31F25002B0305 /* Assets.xcassets in Resources */,
				A3FCE6471FC31F25002B0305 /* Main.storyboard in Resources */,
			);
			runOnlyForDeploymentPostprocessing = 0;
		};
/* End PBXResourcesBuildPhase section */

/* Begin PBXSourcesBuildPhase section */
		A3FCE63A1FC31F25002B0305 /* Sources */ = {
			isa = PBXSourcesBuildPhase;
			buildActionMask = 2147483647;
			files = (
				A3FCE65A1FC31FCD002B0305 /* PokemonListViewController.swift in Sources */,
				A3FCE6421FC31F25002B0305 /* AppDelegate.swift in Sources */,
				A3FCE65D1FC32502002B0305 /* Pokemon.swift in Sources */,
				A3FCE6621FC3260A002B0305 /* PokemonLoader.swift in Sources */,
				A3FCE6601FC32561002B0305 /* UIColor+Extension.swift in Sources */,
			);
			runOnlyForDeploymentPostprocessing = 0;
		};
/* End PBXSourcesBuildPhase section */

/* Begin PBXVariantGroup section */
		A3FCE6451FC31F25002B0305 /* Main.storyboard */ = {
			isa = PBXVariantGroup;
			children = (
				A3FCE6461FC31F25002B0305 /* Base */,
			);
			name = Main.storyboard;
			sourceTree = "<group>";
		};
		A3FCE64A1FC31F25002B0305 /* LaunchScreen.storyboard */ = {
			isa = PBXVariantGroup;
			children = (
				A3FCE64B1FC31F25002B0305 /* Base */,
			);
			name = LaunchScreen.storyboard;
			sourceTree = "<group>";
		};
/* End PBXVariantGroup section */

/* Begin XCBuildConfiguration section */
		A3FCE64E1FC31F25002B0305 /* Debug */ = {
			isa = XCBuildConfiguration;
			buildSettings = {
				ALWAYS_SEARCH_USER_PATHS = NO;
				CLANG_ANALYZER_NONNULL = YES;
				CLANG_ANALYZER_NUMBER_OBJECT_CONVERSION = YES_AGGRESSIVE;
				CLANG_CXX_LANGUAGE_STANDARD = "gnu++14";
				CLANG_CXX_LIBRARY = "libc++";
				CLANG_ENABLE_MODULES = YES;
				CLANG_ENABLE_OBJC_ARC = YES;
				CLANG_WARN_BLOCK_CAPTURE_AUTORELEASING = YES;
				CLANG_WARN_BOOL_CONVERSION = YES;
				CLANG_WARN_COMMA = YES;
				CLANG_WARN_CONSTANT_CONVERSION = YES;
				CLANG_WARN_DIRECT_OBJC_ISA_USAGE = YES_ERROR;
				CLANG_WARN_DOCUMENTATION_COMMENTS = YES;
				CLANG_WARN_EMPTY_BODY = YES;
				CLANG_WARN_ENUM_CONVERSION = YES;
				CLANG_WARN_INFINITE_RECURSION = YES;
				CLANG_WARN_INT_CONVERSION = YES;
				CLANG_WARN_NON_LITERAL_NULL_CONVERSION = YES;
				CLANG_WARN_OBJC_LITERAL_CONVERSION = YES;
				CLANG_WARN_OBJC_ROOT_CLASS = YES_ERROR;
				CLANG_WARN_RANGE_LOOP_ANALYSIS = YES;
				CLANG_WARN_STRICT_PROTOTYPES = YES;
				CLANG_WARN_SUSPICIOUS_MOVE = YES;
				CLANG_WARN_UNGUARDED_AVAILABILITY = YES_AGGRESSIVE;
				CLANG_WARN_UNREACHABLE_CODE = YES;
				CLANG_WARN__DUPLICATE_METHOD_MATCH = YES;
				CODE_SIGN_IDENTITY = "iPhone Developer";
				COPY_PHASE_STRIP = NO;
				DEBUG_INFORMATION_FORMAT = dwarf;
				ENABLE_STRICT_OBJC_MSGSEND = YES;
				ENABLE_TESTABILITY = YES;
				GCC_C_LANGUAGE_STANDARD = gnu11;
				GCC_DYNAMIC_NO_PIC = NO;
				GCC_NO_COMMON_BLOCKS = YES;
				GCC_OPTIMIZATION_LEVEL = 0;
				GCC_PREPROCESSOR_DEFINITIONS = (
					"DEBUG=1",
					"$(inherited)",
				);
				GCC_WARN_64_TO_32_BIT_CONVERSION = YES;
				GCC_WARN_ABOUT_RETURN_TYPE = YES_ERROR;
				GCC_WARN_UNDECLARED_SELECTOR = YES;
				GCC_WARN_UNINITIALIZED_AUTOS = YES_AGGRESSIVE;
				GCC_WARN_UNUSED_FUNCTION = YES;
				GCC_WARN_UNUSED_VARIABLE = YES;
				IPHONEOS_DEPLOYMENT_TARGET = 11.1;
				MTL_ENABLE_DEBUG_INFO = YES;
				ONLY_ACTIVE_ARCH = YES;
				SDKROOT = iphoneos;
				SWIFT_ACTIVE_COMPILATION_CONDITIONS = DEBUG;
				SWIFT_OPTIMIZATION_LEVEL = "-Onone";
			};
			name = Debug;
		};
		A3FCE64F1FC31F25002B0305 /* Release */ = {
			isa = XCBuildConfiguration;
			buildSettings = {
				ALWAYS_SEARCH_USER_PATHS = NO;
				CLANG_ANALYZER_NONNULL = YES;
				CLANG_ANALYZER_NUMBER_OBJECT_CONVERSION = YES_AGGRESSIVE;
				CLANG_CXX_LANGUAGE_STANDARD = "gnu++14";
				CLANG_CXX_LIBRARY = "libc++";
				CLANG_ENABLE_MODULES = YES;
				CLANG_ENABLE_OBJC_ARC = YES;
				CLANG_WARN_BLOCK_CAPTURE_AUTORELEASING = YES;
				CLANG_WARN_BOOL_CONVERSION = YES;
				CLANG_WARN_COMMA = YES;
				CLANG_WARN_CONSTANT_CONVERSION = YES;
				CLANG_WARN_DIRECT_OBJC_ISA_USAGE = YES_ERROR;
				CLANG_WARN_DOCUMENTATION_COMMENTS = YES;
				CLANG_WARN_EMPTY_BODY = YES;
				CLANG_WARN_ENUM_CONVERSION = YES;
				CLANG_WARN_INFINITE_RECURSION = YES;
				CLANG_WARN_INT_CONVERSION = YES;
				CLANG_WARN_NON_LITERAL_NULL_CONVERSION = YES;
				CLANG_WARN_OBJC_LITERAL_CONVERSION = YES;
				CLANG_WARN_OBJC_ROOT_CLASS = YES_ERROR;
				CLANG_WARN_RANGE_LOOP_ANALYSIS = YES;
				CLANG_WARN_STRICT_PROTOTYPES = YES;
				CLANG_WARN_SUSPICIOUS_MOVE = YES;
				CLANG_WARN_UNGUARDED_AVAILABILITY = YES_AGGRESSIVE;
				CLANG_WARN_UNREACHABLE_CODE = YES;
				CLANG_WARN__DUPLICATE_METHOD_MATCH = YES;
				CODE_SIGN_IDENTITY = "iPhone Developer";
				COPY_PHASE_STRIP = NO;
				DEBUG_INFORMATION_FORMAT = "dwarf-with-dsym";
				ENABLE_NS_ASSERTIONS = NO;
				ENABLE_STRICT_OBJC_MSGSEND = YES;
				GCC_C_LANGUAGE_STANDARD = gnu11;
				GCC_NO_COMMON_BLOCKS = YES;
				GCC_WARN_64_TO_32_BIT_CONVERSION = YES;
				GCC_WARN_ABOUT_RETURN_TYPE = YES_ERROR;
				GCC_WARN_UNDECLARED_SELECTOR = YES;
				GCC_WARN_UNINITIALIZED_AUTOS = YES_AGGRESSIVE;
				GCC_WARN_UNUSED_FUNCTION = YES;
				GCC_WARN_UNUSED_VARIABLE = YES;
				IPHONEOS_DEPLOYMENT_TARGET = 11.1;
				MTL_ENABLE_DEBUG_INFO = NO;
				SDKROOT = iphoneos;
				SWIFT_OPTIMIZATION_LEVEL = "-Owholemodule";
				VALIDATE_PRODUCT = YES;
			};
			name = Release;
		};
		A3FCE6511FC31F25002B0305 /* Debug */ = {
			isa = XCBuildConfiguration;
			buildSettings = {
				ASSETCATALOG_COMPILER_APPICON_NAME = AppIcon;
				CODE_SIGN_STYLE = Automatic;
				DEVELOPMENT_TEAM = "";
				INFOPLIST_FILE = Pokedex/Info.plist;
				LD_RUNPATH_SEARCH_PATHS = "$(inherited) @executable_path/Frameworks";
				PRODUCT_BUNDLE_IDENTIFIER = com.daftmobile.Pokedex;
				PRODUCT_NAME = "$(TARGET_NAME)";
				SWIFT_VERSION = 4.0;
				TARGETED_DEVICE_FAMILY = "1,2";
			};
			name = Debug;
		};
		A3FCE6521FC31F25002B0305 /* Release */ = {
			isa = XCBuildConfiguration;
			buildSettings = {
				ASSETCATALOG_COMPILER_APPICON_NAME = AppIcon;
				CODE_SIGN_STYLE = Automatic;
				DEVELOPMENT_TEAM = "";
				INFOPLIST_FILE = Pokedex/Info.plist;
				LD_RUNPATH_SEARCH_PATHS = "$(inherited) @executable_path/Frameworks";
				PRODUCT_BUNDLE_IDENTIFIER = com.daftmobile.Pokedex;
				PRODUCT_NAME = "$(TARGET_NAME)";
				SWIFT_VERSION = 4.0;
				TARGETED_DEVICE_FAMILY = "1,2";
			};
			name = Release;
		};
/* End XCBuildConfiguration section */

/* Begin XCConfigurationList section */
		A3FCE6391FC31F25002B0305 /* Build configuration list for PBXProject "Pokedex" */ = {
			isa = XCConfigurationList;
			buildConfigurations = (
				A3FCE64E1FC31F25002B0305 /* Debug */,
				A3FCE64F1FC31F25002B0305 /* Release */,
			);
			defaultConfigurationIsVisible = 0;
			defaultConfigurationName = Release;
		};
		A3FCE6501FC31F25002B0305 /* Build configuration list for PBXNativeTarget "Pokedex" */ = {
			isa = XCConfigurationList;
			buildConfigurations = (
				A3FCE6511FC31F25002B0305 /* Debug */,
				A3FCE6521FC31F25002B0305 /* Release */,
			);
			defaultConfigurationIsVisible = 0;
			defaultConfigurationName = Release;
		};
/* End XCConfigurationList section */
	};
	rootObject = A3FCE6361FC31F25002B0305 /* Project object */;
}
