// !$*UTF8*$!
{
	archiveVersion = 1;
	classes = {
	};
	objectVersion = 48;
	objects = {

/* Begin PBXBuildFile section */
		A3B101891FAF1D1200A7B4BE /* AppDelegate.swift in Sources */ = {isa = PBXBuildFile; fileRef = A3B101881FAF1D1200A7B4BE /* AppDelegate.swift */; };
		A3B1018E1FAF1D1200A7B4BE /* Main.storyboard in Resources */ = {isa = PBXBuildFile; fileRef = A3B1018C1FAF1D1200A7B4BE /* Main.storyboard */; };
		A3B101901FAF1D1200A7B4BE /* Assets.xcassets in Resources */ = {isa = PBXBuildFile; fileRef = A3B1018F1FAF1D1200A7B4BE /* Assets.xcassets */; };
		A3B101931FAF1D1200A7B4BE /* LaunchScreen.storyboard in Resources */ = {isa = PBXBuildFile; fileRef = A3B101911FAF1D1200A7B4BE /* LaunchScreen.storyboard */; };
		A3B1019E1FAF1FC300A7B4BE /* SmileViewController.swift in Sources */ = {isa = PBXBuildFile; fileRef = A3B1019C1FAF1FC300A7B4BE /* SmileViewController.swift */; };
		A3B101A01FAF203800A7B4BE /* SmileView.swift in Sources */ = {isa = PBXBuildFile; fileRef = A3B1019F1FAF203800A7B4BE /* SmileView.swift */; };
		A3B101A21FAF20DC00A7B4BE /* SmileViewDataSource.swift in Sources */ = {isa = PBXBuildFile; fileRef = A3B101A11FAF20DC00A7B4BE /* SmileViewDataSource.swift */; };
		A3B101A61FAF2B6800A7B4BE /* Smile.swift in Sources */ = {isa = PBXBuildFile; fileRef = A3B101A51FAF2B6800A7B4BE /* Smile.swift */; };
/* End PBXBuildFile section */

/* Begin PBXFileReference section */
		A3B101851FAF1D1200A7B4BE /* Smile.app */ = {isa = PBXFileReference; explicitFileType = wrapper.application; includeInIndex = 0; path = Smile.app; sourceTree = BUILT_PRODUCTS_DIR; };
		A3B101881FAF1D1200A7B4BE /* AppDelegate.swift */ = {isa = PBXFileReference; lastKnownFileType = sourcecode.swift; path = AppDelegate.swift; sourceTree = "<group>"; };
		A3B1018D1FAF1D1200A7B4BE /* Base */ = {isa = PBXFileReference; lastKnownFileType = file.storyboard; name = Base; path = Base.lproj/Main.storyboard; sourceTree = "<group>"; };
		A3B1018F1FAF1D1200A7B4BE /* Assets.xcassets */ = {isa = PBXFileReference; lastKnownFileType = folder.assetcatalog; path = Assets.xcassets; sourceTree = "<group>"; };
		A3B101921FAF1D1200A7B4BE /* Base */ = {isa = PBXFileReference; lastKnownFileType = file.storyboard; name = Base; path = Base.lproj/LaunchScreen.storyboard; sourceTree = "<group>"; };
		A3B101941FAF1D1200A7B4BE /* Info.plist */ = {isa = PBXFileReference; lastKnownFileType = text.plist.xml; path = Info.plist; sourceTree = "<group>"; };
		A3B1019C1FAF1FC300A7B4BE /* SmileViewController.swift */ = {isa = PBXFileReference; fileEncoding = 4; lastKnownFileType = sourcecode.swift; path = SmileViewController.swift; sourceTree = "<group>"; };
		A3B1019F1FAF203800A7B4BE /* SmileView.swift */ = {isa = PBXFileReference; lastKnownFileType = sourcecode.swift; path = SmileView.swift; sourceTree = "<group>"; };
		A3B101A11FAF20DC00A7B4BE /* SmileViewDataSource.swift */ = {isa = PBXFileReference; lastKnownFileType = sourcecode.swift; path = SmileViewDataSource.swift; sourceTree = "<group>"; };
		A3B101A51FAF2B6800A7B4BE /* Smile.swift */ = {isa = PBXFileReference; lastKnownFileType = sourcecode.swift; path = Smile.swift; sourceTree = "<group>"; };
/* End PBXFileReference section */

/* Begin PBXFrameworksBuildPhase section */
		A3B101821FAF1D1200A7B4BE /* Frameworks */ = {
			isa = PBXFrameworksBuildPhase;
			buildActionMask = 2147483647;
			files = (
			);
			runOnlyForDeploymentPostprocessing = 0;
		};
/* End PBXFrameworksBuildPhase section */

/* Begin PBXGroup section */
		A3B1017C1FAF1D1200A7B4BE = {
			isa = PBXGroup;
			children = (
				A3B101871FAF1D1200A7B4BE /* Smile */,
				A3B101861FAF1D1200A7B4BE /* Products */,
			);
			sourceTree = "<group>";
		};
		A3B101861FAF1D1200A7B4BE /* Products */ = {
			isa = PBXGroup;
			children = (
				A3B101851FAF1D1200A7B4BE /* Smile.app */,
			);
			name = Products;
			sourceTree = "<group>";
		};
		A3B101871FAF1D1200A7B4BE /* Smile */ = {
			isa = PBXGroup;
			children = (
				A3B1019B1FAF1FC300A7B4BE /* Controller */,
				A3B1019A1FAF1FC300A7B4BE /* Model */,
				A3B1019D1FAF1FC300A7B4BE /* View */,
				A3B101881FAF1D1200A7B4BE /* AppDelegate.swift */,
				A3B1018C1FAF1D1200A7B4BE /* Main.storyboard */,
				A3B1018F1FAF1D1200A7B4BE /* Assets.xcassets */,
				A3B101911FAF1D1200A7B4BE /* LaunchScreen.storyboard */,
				A3B101941FAF1D1200A7B4BE /* Info.plist */,
			);
			path = Smile;
			sourceTree = "<group>";
		};
		A3B1019A1FAF1FC300A7B4BE /* Model */ = {
			isa = PBXGroup;
			children = (
				A3B101A51FAF2B6800A7B4BE /* Smile.swift */,
			);
			path = Model;
			sourceTree = "<group>";
		};
		A3B1019B1FAF1FC300A7B4BE /* Controller */ = {
			isa = PBXGroup;
			children = (
				A3B1019C1FAF1FC300A7B4BE /* SmileViewController.swift */,
			);
			path = Controller;
			sourceTree = "<group>";
		};
		A3B1019D1FAF1FC300A7B4BE /* View */ = {
			isa = PBXGroup;
			children = (
				A3B1019F1FAF203800A7B4BE /* SmileView.swift */,
				A3B101A11FAF20DC00A7B4BE /* SmileViewDataSource.swift */,
			);
			path = View;
			sourceTree = "<group>";
		};
/* End PBXGroup section */

/* Begin PBXNativeTarget section */
		A3B101841FAF1D1200A7B4BE /* Smile */ = {
			isa = PBXNativeTarget;
			buildConfigurationList = A3B101971FAF1D1200A7B4BE /* Build configuration list for PBXNativeTarget "Smile" */;
			buildPhases = (
				A3B101811FAF1D1200A7B4BE /* Sources */,
				A3B101821FAF1D1200A7B4BE /* Frameworks */,
				A3B101831FAF1D1200A7B4BE /* Resources */,
			);
			buildRules = (
			);
			dependencies = (
			);
			name = Smile;
			productName = Smile;
			productReference = A3B101851FAF1D1200A7B4BE /* Smile.app */;
			productType = "com.apple.product-type.application";
		};
/* End PBXNativeTarget section */

/* Begin PBXProject section */
		A3B1017D1FAF1D1200A7B4BE /* Project object */ = {
			isa = PBXProject;
			attributes = {
				LastSwiftUpdateCheck = 0900;
				LastUpgradeCheck = 0900;
				ORGANIZATIONNAME = DaftMobile;
				TargetAttributes = {
					A3B101841FAF1D1200A7B4BE = {
						CreatedOnToolsVersion = 9.0.1;
						ProvisioningStyle = Automatic;
					};
				};
			};
			buildConfigurationList = A3B101801FAF1D1200A7B4BE /* Build configuration list for PBXProject "Smile" */;
			compatibilityVersion = "Xcode 8.0";
			developmentRegion = en;
			hasScannedForEncodings = 0;
			knownRegions = (
				en,
				Base,
			);
			mainGroup = A3B1017C1FAF1D1200A7B4BE;
			productRefGroup = A3B101861FAF1D1200A7B4BE /* Products */;
			projectDirPath = "";
			projectRoot = "";
			targets = (
				A3B101841FAF1D1200A7B4BE /* Smile */,
			);
		};
/* End PBXProject section */

/* Begin PBXResourcesBuildPhase section */
		A3B101831FAF1D1200A7B4BE /* Resources */ = {
			isa = PBXResourcesBuildPhase;
			buildActionMask = 2147483647;
			files = (
				A3B101931FAF1D1200A7B4BE /* LaunchScreen.storyboard in Resources */,
				A3B101901FAF1D1200A7B4BE /* Assets.xcassets in Resources */,
				A3B1018E1FAF1D1200A7B4BE /* Main.storyboard in Resources */,
			);
			runOnlyForDeploymentPostprocessing = 0;
		};
/* End PBXResourcesBuildPhase section */

/* Begin PBXSourcesBuildPhase section */
		A3B101811FAF1D1200A7B4BE /* Sources */ = {
			isa = PBXSourcesBuildPhase;
			buildActionMask = 2147483647;
			files = (
				A3B101A21FAF20DC00A7B4BE /* SmileViewDataSource.swift in Sources */,
				A3B101A61FAF2B6800A7B4BE /* Smile.swift in Sources */,
				A3B101891FAF1D1200A7B4BE /* AppDelegate.swift in Sources */,
				A3B101A01FAF203800A7B4BE /* SmileView.swift in Sources */,
				A3B1019E1FAF1FC300A7B4BE /* SmileViewController.swift in Sources */,
			);
			runOnlyForDeploymentPostprocessing = 0;
		};
/* End PBXSourcesBuildPhase section */

/* Begin PBXVariantGroup section */
		A3B1018C1FAF1D1200A7B4BE /* Main.storyboard */ = {
			isa = PBXVariantGroup;
			children = (
				A3B1018D1FAF1D1200A7B4BE /* Base */,
			);
			name = Main.storyboard;
			sourceTree = "<group>";
		};
		A3B101911FAF1D1200A7B4BE /* LaunchScreen.storyboard */ = {
			isa = PBXVariantGroup;
			children = (
				A3B101921FAF1D1200A7B4BE /* Base */,
			);
			name = LaunchScreen.storyboard;
			sourceTree = "<group>";
		};
/* End PBXVariantGroup section */

/* Begin XCBuildConfiguration section */
		A3B101951FAF1D1200A7B4BE /* Debug */ = {
			isa = XCBuildConfiguration;
			buildSettings = {
				ALWAYS_SEARCH_USER_PATHS = NO;
				CLANG_ANALYZER_NONNULL = YES;
				CLANG_ANALYZER_NUMBER_OBJECT_CONVERSION = YES_AGGRESSIVE;
				CLANG_CXX_LANGUAGE_STANDARD = "gnu++14";
				CLANG_CXX_LIBRARY = "libc++";
				CLANG_ENABLE_MODULES = YES;
				CLANG_ENABLE_OBJC_ARC = YES;
				CLANG_WARN_BLOCK_CAPTURE_AUTORELEASING = YES;
				CLANG_WARN_BOOL_CONVERSION = YES;
				CLANG_WARN_COMMA = YES;
				CLANG_WARN_CONSTANT_CONVERSION = YES;
				CLANG_WARN_DIRECT_OBJC_ISA_USAGE = YES_ERROR;
				CLANG_WARN_DOCUMENTATION_COMMENTS = YES;
				CLANG_WARN_EMPTY_BODY = YES;
				CLANG_WARN_ENUM_CONVERSION = YES;
				CLANG_WARN_INFINITE_RECURSION = YES;
				CLANG_WARN_INT_CONVERSION = YES;
				CLANG_WARN_NON_LITERAL_NULL_CONVERSION = YES;
				CLANG_WARN_OBJC_LITERAL_CONVERSION = YES;
				CLANG_WARN_OBJC_ROOT_CLASS = YES_ERROR;
				CLANG_WARN_RANGE_LOOP_ANALYSIS = YES;
				CLANG_WARN_STRICT_PROTOTYPES = YES;
				CLANG_WARN_SUSPICIOUS_MOVE = YES;
				CLANG_WARN_UNGUARDED_AVAILABILITY = YES_AGGRESSIVE;
				CLANG_WARN_UNREACHABLE_CODE = YES;
				CLANG_WARN__DUPLICATE_METHOD_MATCH = YES;
				CODE_SIGN_IDENTITY = "iPhone Developer";
				COPY_PHASE_STRIP = NO;
				DEBUG_INFORMATION_FORMAT = dwarf;
				ENABLE_STRICT_OBJC_MSGSEND = YES;
				ENABLE_TESTABILITY = YES;
				GCC_C_LANGUAGE_STANDARD = gnu11;
				GCC_DYNAMIC_NO_PIC = NO;
				GCC_NO_COMMON_BLOCKS = YES;
				GCC_OPTIMIZATION_LEVEL = 0;
				GCC_PREPROCESSOR_DEFINITIONS = (
					"DEBUG=1",
					"$(inherited)",
				);
				GCC_WARN_64_TO_32_BIT_CONVERSION = YES;
				GCC_WARN_ABOUT_RETURN_TYPE = YES_ERROR;
				GCC_WARN_UNDECLARED_SELECTOR = YES;
				GCC_WARN_UNINITIALIZED_AUTOS = YES_AGGRESSIVE;
				GCC_WARN_UNUSED_FUNCTION = YES;
				GCC_WARN_UNUSED_VARIABLE = YES;
				IPHONEOS_DEPLOYMENT_TARGET = 11.0;
				MTL_ENABLE_DEBUG_INFO = YES;
				ONLY_ACTIVE_ARCH = YES;
				SDKROOT = iphoneos;
				SWIFT_ACTIVE_COMPILATION_CONDITIONS = DEBUG;
				SWIFT_OPTIMIZATION_LEVEL = "-Onone";
			};
			name = Debug;
		};
		A3B101961FAF1D1200A7B4BE /* Release */ = {
			isa = XCBuildConfiguration;
			buildSettings = {
				ALWAYS_SEARCH_USER_PATHS = NO;
				CLANG_ANALYZER_NONNULL = YES;
				CLANG_ANALYZER_NUMBER_OBJECT_CONVERSION = YES_AGGRESSIVE;
				CLANG_CXX_LANGUAGE_STANDARD = "gnu++14";
				CLANG_CXX_LIBRARY = "libc++";
				CLANG_ENABLE_MODULES = YES;
				CLANG_ENABLE_OBJC_ARC = YES;
				CLANG_WARN_BLOCK_CAPTURE_AUTORELEASING = YES;
				CLANG_WARN_BOOL_CONVERSION = YES;
				CLANG_WARN_COMMA = YES;
				CLANG_WARN_CONSTANT_CONVERSION = YES;
				CLANG_WARN_DIRECT_OBJC_ISA_USAGE = YES_ERROR;
				CLANG_WARN_DOCUMENTATION_COMMENTS = YES;
				CLANG_WARN_EMPTY_BODY = YES;
				CLANG_WARN_ENUM_CONVERSION = YES;
				CLANG_WARN_INFINITE_RECURSION = YES;
				CLANG_WARN_INT_CONVERSION = YES;
				CLANG_WARN_NON_LITERAL_NULL_CONVERSION = YES;
				CLANG_WARN_OBJC_LITERAL_CONVERSION = YES;
				CLANG_WARN_OBJC_ROOT_CLASS = YES_ERROR;
				CLANG_WARN_RANGE_LOOP_ANALYSIS = YES;
				CLANG_WARN_STRICT_PROTOTYPES = YES;
				CLANG_WARN_SUSPICIOUS_MOVE = YES;
				CLANG_WARN_UNGUARDED_AVAILABILITY = YES_AGGRESSIVE;
				CLANG_WARN_UNREACHABLE_CODE = YES;
				CLANG_WARN__DUPLICATE_METHOD_MATCH = YES;
				CODE_SIGN_IDENTITY = "iPhone Developer";
				COPY_PHASE_STRIP = NO;
				DEBUG_INFORMATION_FORMAT = "dwarf-with-dsym";
				ENABLE_NS_ASSERTIONS = NO;
				ENABLE_STRICT_OBJC_MSGSEND = YES;
				GCC_C_LANGUAGE_STANDARD = gnu11;
				GCC_NO_COMMON_BLOCKS = YES;
				GCC_WARN_64_TO_32_BIT_CONVERSION = YES;
				GCC_WARN_ABOUT_RETURN_TYPE = YES_ERROR;
				GCC_WARN_UNDECLARED_SELECTOR = YES;
				GCC_WARN_UNINITIALIZED_AUTOS = YES_AGGRESSIVE;
				GCC_WARN_UNUSED_FUNCTION = YES;
				GCC_WARN_UNUSED_VARIABLE = YES;
				IPHONEOS_DEPLOYMENT_TARGET = 11.0;
				MTL_ENABLE_DEBUG_INFO = NO;
				SDKROOT = iphoneos;
				SWIFT_OPTIMIZATION_LEVEL = "-Owholemodule";
				VALIDATE_PRODUCT = YES;
			};
			name = Release;
		};
		A3B101981FAF1D1200A7B4BE /* Debug */ = {
			isa = XCBuildConfiguration;
			buildSettings = {
				ASSETCATALOG_COMPILER_APPICON_NAME = AppIcon;
				CODE_SIGN_STYLE = Automatic;
				DEVELOPMENT_TEAM = 53D9E75CA3;
				INFOPLIST_FILE = Smile/Info.plist;
				LD_RUNPATH_SEARCH_PATHS = "$(inherited) @executable_path/Frameworks";
				PRODUCT_BUNDLE_IDENTIFIER = com.daftmobile.Smile;
				PRODUCT_NAME = "$(TARGET_NAME)";
				SWIFT_VERSION = 4.0;
				TARGETED_DEVICE_FAMILY = "1,2";
			};
			name = Debug;
		};
		A3B101991FAF1D1200A7B4BE /* Release */ = {
			isa = XCBuildConfiguration;
			buildSettings = {
				ASSETCATALOG_COMPILER_APPICON_NAME = AppIcon;
				CODE_SIGN_STYLE = Automatic;
				DEVELOPMENT_TEAM = 53D9E75CA3;
				INFOPLIST_FILE = Smile/Info.plist;
				LD_RUNPATH_SEARCH_PATHS = "$(inherited) @executable_path/Frameworks";
				PRODUCT_BUNDLE_IDENTIFIER = com.daftmobile.Smile;
				PRODUCT_NAME = "$(TARGET_NAME)";
				SWIFT_VERSION = 4.0;
				TARGETED_DEVICE_FAMILY = "1,2";
			};
			name = Release;
		};
/* End XCBuildConfiguration section */

/* Begin XCConfigurationList section */
		A3B101801FAF1D1200A7B4BE /* Build configuration list for PBXProject "Smile" */ = {
			isa = XCConfigurationList;
			buildConfigurations = (
				A3B101951FAF1D1200A7B4BE /* Debug */,
				A3B101961FAF1D1200A7B4BE /* Release */,
			);
			defaultConfigurationIsVisible = 0;
			defaultConfigurationName = Release;
		};
		A3B101971FAF1D1200A7B4BE /* Build configuration list for PBXNativeTarget "Smile" */ = {
			isa = XCConfigurationList;
			buildConfigurations = (
				A3B101981FAF1D1200A7B4BE /* Debug */,
				A3B101991FAF1D1200A7B4BE /* Release */,
			);
			defaultConfigurationIsVisible = 0;
			defaultConfigurationName = Release;
		};
/* End XCConfigurationList section */
	};
	rootObject = A3B1017D1FAF1D1200A7B4BE /* Project object */;
}
